
Microsoft Visual Studio Solution File, Format Version 12.00
# Visual Studio 2010
Project("{FAE04EC0-301F-11D3-BF4B-00C04F79EFBC}") = "PMSImportCommandLine", "PMSImport\PMSImportCommandLine.csproj", "{11192DD3-65B8-4A69-A2ED-818FB93F5EB5}"
EndProject
Project("{FAE04EC0-301F-11D3-BF4B-00C04F79EFBC}") = "PMSImporter", "PMSImporter\PMSImporter.csproj", "{B73EA108-45DC-494D-88BF-B2D1E390572E}"
EndProject
Project("{FAE04EC0-301F-11D3-BF4B-00C04F79EFBC}") = "TestPMSImport", "TestPMSImport\TestPMSImport.csproj", "{75959328-55F3-46E3-BB90-2B325CFAAAD7}"
EndProject
Project("{2150E333-8FDC-42A3-9474-1A3956D46DE8}") = "Solution Items", "Solution Items", "{57D70F01-1D55-4A77-B769-F9AF4E5A0312}"
	ProjectSection(SolutionItems) = preProject
		Local.testsettings = Local.testsettings
		PMSImport.vsmdi = PMSImport.vsmdi
		TraceAndTestImpact.testsettings = TraceAndTestImpact.testsettings
	EndProjectSection
EndProject
Project("{FAE04EC0-301F-11D3-BF4B-00C04F79EFBC}") = "PMISImport", "PMISImport\PMISImport.csproj", "{BD032E45-F773-47A7-B5F2-5DD64FE5C609}"
EndProject
Project("{6141683F-8A12-4E36-9623-2EB02B2C2303}") = "PerView Bulk Edit Tool", "PerView Bulk Edit Tool\PerView Bulk Edit Tool.isproj", "{50E633DD-05A2-4B84-8B71-C463C4FEA99E}"
	ProjectSection(ProjectDependencies) = postProject
		{BD032E45-F773-47A7-B5F2-5DD64FE5C609} = {BD032E45-F773-47A7-B5F2-5DD64FE5C609}
	EndProjectSection
EndProject
Project("{54435603-DBB4-11D2-8724-00A0C9A8B90C}") = "PerView Bulk Edit", "PerView Bulk Edit\PerView Bulk Edit.vdproj", "{2B77045B-FD6E-4738-B3E3-FEC8F8AA8502}"
EndProject
Global
	GlobalSection(TestCaseManagementSettings) = postSolution
		CategoryFile = PMSImport.vsmdi
	EndGlobalSection
	GlobalSection(SolutionConfigurationPlatforms) = preSolution
		CD_ROM|Any CPU = CD_ROM|Any CPU
		CD_ROM|Mixed Platforms = CD_ROM|Mixed Platforms
		CD_ROM|x64 = CD_ROM|x64
		CD_ROM|x86 = CD_ROM|x86
		Debug|Any CPU = Debug|Any CPU
		Debug|Mixed Platforms = Debug|Mixed Platforms
		Debug|x64 = Debug|x64
		Debug|x86 = Debug|x86
		DVD-5|Any CPU = DVD-5|Any CPU
		DVD-5|Mixed Platforms = DVD-5|Mixed Platforms
		DVD-5|x64 = DVD-5|x64
		DVD-5|x86 = DVD-5|x86
		Release|Any CPU = Release|Any CPU
		Release|Mixed Platforms = Release|Mixed Platforms
		Release|x64 = Release|x64
		Release|x86 = Release|x86
		SingleImage|Any CPU = SingleImage|Any CPU
		SingleImage|Mixed Platforms = SingleImage|Mixed Platforms
		SingleImage|x64 = SingleImage|x64
		SingleImage|x86 = SingleImage|x86
	EndGlobalSection
	GlobalSection(ProjectConfigurationPlatforms) = postSolution
		{11192DD3-65B8-4A69-A2ED-818FB93F5EB5}.CD_ROM|Any CPU.ActiveCfg = Release|x86
		{11192DD3-65B8-4A69-A2ED-818FB93F5EB5}.CD_ROM|Mixed Platforms.ActiveCfg = Release|x86
		{11192DD3-65B8-4A69-A2ED-818FB93F5EB5}.CD_ROM|Mixed Platforms.Build.0 = Release|x86
		{11192DD3-65B8-4A69-A2ED-818FB93F5EB5}.CD_ROM|x64.ActiveCfg = Release|x64
		{11192DD3-65B8-4A69-A2ED-818FB93F5EB5}.CD_ROM|x64.Build.0 = Release|x64
		{11192DD3-65B8-4A69-A2ED-818FB93F5EB5}.CD_ROM|x86.ActiveCfg = Release|x86
		{11192DD3-65B8-4A69-A2ED-818FB93F5EB5}.CD_ROM|x86.Build.0 = Release|x86
		{11192DD3-65B8-4A69-A2ED-818FB93F5EB5}.Debug|Any CPU.ActiveCfg = Debug|x86
		{11192DD3-65B8-4A69-A2ED-818FB93F5EB5}.Debug|Mixed Platforms.ActiveCfg = Debug|x86
		{11192DD3-65B8-4A69-A2ED-818FB93F5EB5}.Debug|Mixed Platforms.Build.0 = Debug|x86
		{11192DD3-65B8-4A69-A2ED-818FB93F5EB5}.Debug|x64.ActiveCfg = Debug|x64
		{11192DD3-65B8-4A69-A2ED-818FB93F5EB5}.Debug|x64.Build.0 = Debug|x64
		{11192DD3-65B8-4A69-A2ED-818FB93F5EB5}.Debug|x86.ActiveCfg = Debug|x86
		{11192DD3-65B8-4A69-A2ED-818FB93F5EB5}.Debug|x86.Build.0 = Debug|x86
		{11192DD3-65B8-4A69-A2ED-818FB93F5EB5}.DVD-5|Any CPU.ActiveCfg = Debug|x86
		{11192DD3-65B8-4A69-A2ED-818FB93F5EB5}.DVD-5|Mixed Platforms.ActiveCfg = Debug|x86
		{11192DD3-65B8-4A69-A2ED-818FB93F5EB5}.DVD-5|Mixed Platforms.Build.0 = Debug|x86
		{11192DD3-65B8-4A69-A2ED-818FB93F5EB5}.DVD-5|x64.ActiveCfg = Debug|x64
		{11192DD3-65B8-4A69-A2ED-818FB93F5EB5}.DVD-5|x64.Build.0 = Debug|x64
		{11192DD3-65B8-4A69-A2ED-818FB93F5EB5}.DVD-5|x86.ActiveCfg = Debug|x86
		{11192DD3-65B8-4A69-A2ED-818FB93F5EB5}.DVD-5|x86.Build.0 = Debug|x86
		{11192DD3-65B8-4A69-A2ED-818FB93F5EB5}.Release|Any CPU.ActiveCfg = Release|x86
		{11192DD3-65B8-4A69-A2ED-818FB93F5EB5}.Release|Mixed Platforms.ActiveCfg = Release|x86
		{11192DD3-65B8-4A69-A2ED-818FB93F5EB5}.Release|Mixed Platforms.Build.0 = Release|x86
		{11192DD3-65B8-4A69-A2ED-818FB93F5EB5}.Release|x64.ActiveCfg = Release|x64
		{11192DD3-65B8-4A69-A2ED-818FB93F5EB5}.Release|x86.ActiveCfg = Release|x86
		{11192DD3-65B8-4A69-A2ED-818FB93F5EB5}.Release|x86.Build.0 = Release|x86
		{11192DD3-65B8-4A69-A2ED-818FB93F5EB5}.SingleImage|Any CPU.ActiveCfg = Release|x86
		{11192DD3-65B8-4A69-A2ED-818FB93F5EB5}.SingleImage|Mixed Platforms.ActiveCfg = Release|x86
		{11192DD3-65B8-4A69-A2ED-818FB93F5EB5}.SingleImage|Mixed Platforms.Build.0 = Release|x86
		{11192DD3-65B8-4A69-A2ED-818FB93F5EB5}.SingleImage|x64.ActiveCfg = Release|x64
		{11192DD3-65B8-4A69-A2ED-818FB93F5EB5}.SingleImage|x64.Build.0 = Release|x64
		{11192DD3-65B8-4A69-A2ED-818FB93F5EB5}.SingleImage|x86.ActiveCfg = Release|x86
		{11192DD3-65B8-4A69-A2ED-818FB93F5EB5}.SingleImage|x86.Build.0 = Release|x86
		{B73EA108-45DC-494D-88BF-B2D1E390572E}.CD_ROM|Any CPU.ActiveCfg = Release|Any CPU
		{B73EA108-45DC-494D-88BF-B2D1E390572E}.CD_ROM|Any CPU.Build.0 = Release|Any CPU
		{B73EA108-45DC-494D-88BF-B2D1E390572E}.CD_ROM|Mixed Platforms.ActiveCfg = Release|Any CPU
		{B73EA108-45DC-494D-88BF-B2D1E390572E}.CD_ROM|Mixed Platforms.Build.0 = Release|Any CPU
		{B73EA108-45DC-494D-88BF-B2D1E390572E}.CD_ROM|x64.ActiveCfg = Release|x64
		{B73EA108-45DC-494D-88BF-B2D1E390572E}.CD_ROM|x64.Build.0 = Release|x64
		{B73EA108-45DC-494D-88BF-B2D1E390572E}.CD_ROM|x86.ActiveCfg = Release|Any CPU
		{B73EA108-45DC-494D-88BF-B2D1E390572E}.Debug|Any CPU.ActiveCfg = Debug|Any CPU
		{B73EA108-45DC-494D-88BF-B2D1E390572E}.Debug|Any CPU.Build.0 = Debug|Any CPU
		{B73EA108-45DC-494D-88BF-B2D1E390572E}.Debug|Mixed Platforms.ActiveCfg = Debug|Any CPU
		{B73EA108-45DC-494D-88BF-B2D1E390572E}.Debug|Mixed Platforms.Build.0 = Debug|Any CPU
		{B73EA108-45DC-494D-88BF-B2D1E390572E}.Debug|x64.ActiveCfg = Debug|x64
		{B73EA108-45DC-494D-88BF-B2D1E390572E}.Debug|x64.Build.0 = Debug|x64
		{B73EA108-45DC-494D-88BF-B2D1E390572E}.Debug|x86.ActiveCfg = Debug|Any CPU
		{B73EA108-45DC-494D-88BF-B2D1E390572E}.DVD-5|Any CPU.ActiveCfg = Debug|Any CPU
		{B73EA108-45DC-494D-88BF-B2D1E390572E}.DVD-5|Any CPU.Build.0 = Debug|Any CPU
		{B73EA108-45DC-494D-88BF-B2D1E390572E}.DVD-5|Mixed Platforms.ActiveCfg = Debug|Any CPU
		{B73EA108-45DC-494D-88BF-B2D1E390572E}.DVD-5|Mixed Platforms.Build.0 = Debug|Any CPU
		{B73EA108-45DC-494D-88BF-B2D1E390572E}.DVD-5|x64.ActiveCfg = Debug|x64
		{B73EA108-45DC-494D-88BF-B2D1E390572E}.DVD-5|x64.Build.0 = Debug|x64
		{B73EA108-45DC-494D-88BF-B2D1E390572E}.DVD-5|x86.ActiveCfg = Debug|Any CPU
		{B73EA108-45DC-494D-88BF-B2D1E390572E}.Release|Any CPU.ActiveCfg = Release|Any CPU
		{B73EA108-45DC-494D-88BF-B2D1E390572E}.Release|Mixed Platforms.ActiveCfg = Release|Any CPU
		{B73EA108-45DC-494D-88BF-B2D1E390572E}.Release|Mixed Platforms.Build.0 = Release|Any CPU
		{B73EA108-45DC-494D-88BF-B2D1E390572E}.Release|x64.ActiveCfg = Release|x64
		{B73EA108-45DC-494D-88BF-B2D1E390572E}.Release|x64.Build.0 = Release|x64
		{B73EA108-45DC-494D-88BF-B2D1E390572E}.Release|x86.ActiveCfg = Release|Any CPU
		{B73EA108-45DC-494D-88BF-B2D1E390572E}.SingleImage|Any CPU.ActiveCfg = Release|Any CPU
		{B73EA108-45DC-494D-88BF-B2D1E390572E}.SingleImage|Any CPU.Build.0 = Release|Any CPU
		{B73EA108-45DC-494D-88BF-B2D1E390572E}.SingleImage|Mixed Platforms.ActiveCfg = Release|Any CPU
		{B73EA108-45DC-494D-88BF-B2D1E390572E}.SingleImage|Mixed Platforms.Build.0 = Release|Any CPU
		{B73EA108-45DC-494D-88BF-B2D1E390572E}.SingleImage|x64.ActiveCfg = Release|x64
		{B73EA108-45DC-494D-88BF-B2D1E390572E}.SingleImage|x64.Build.0 = Release|x64
		{B73EA108-45DC-494D-88BF-B2D1E390572E}.SingleImage|x86.ActiveCfg = Release|Any CPU
		{75959328-55F3-46E3-BB90-2B325CFAAAD7}.CD_ROM|Any CPU.ActiveCfg = Release|Any CPU
		{75959328-55F3-46E3-BB90-2B325CFAAAD7}.CD_ROM|Any CPU.Build.0 = Release|Any CPU
		{75959328-55F3-46E3-BB90-2B325CFAAAD7}.CD_ROM|Mixed Platforms.ActiveCfg = Release|Any CPU
		{75959328-55F3-46E3-BB90-2B325CFAAAD7}.CD_ROM|Mixed Platforms.Build.0 = Release|Any CPU
		{75959328-55F3-46E3-BB90-2B325CFAAAD7}.CD_ROM|x64.ActiveCfg = Release|x64
		{75959328-55F3-46E3-BB90-2B325CFAAAD7}.CD_ROM|x64.Build.0 = Release|x64
		{75959328-55F3-46E3-BB90-2B325CFAAAD7}.CD_ROM|x86.ActiveCfg = Release|Any CPU
		{75959328-55F3-46E3-BB90-2B325CFAAAD7}.Debug|Any CPU.ActiveCfg = Debug|Any CPU
		{75959328-55F3-46E3-BB90-2B325CFAAAD7}.Debug|Any CPU.Build.0 = Debug|Any CPU
		{75959328-55F3-46E3-BB90-2B325CFAAAD7}.Debug|Mixed Platforms.ActiveCfg = Debug|Any CPU
		{75959328-55F3-46E3-BB90-2B325CFAAAD7}.Debug|Mixed Platforms.Build.0 = Debug|Any CPU
		{75959328-55F3-46E3-BB90-2B325CFAAAD7}.Debug|x64.ActiveCfg = Debug|x64
		{75959328-55F3-46E3-BB90-2B325CFAAAD7}.Debug|x64.Build.0 = Debug|x64
		{75959328-55F3-46E3-BB90-2B325CFAAAD7}.Debug|x86.ActiveCfg = Debug|Any CPU
		{75959328-55F3-46E3-BB90-2B325CFAAAD7}.DVD-5|Any CPU.ActiveCfg = Debug|Any CPU
		{75959328-55F3-46E3-BB90-2B325CFAAAD7}.DVD-5|Any CPU.Build.0 = Debug|Any CPU
		{75959328-55F3-46E3-BB90-2B325CFAAAD7}.DVD-5|Mixed Platforms.ActiveCfg = Debug|Any CPU
		{75959328-55F3-46E3-BB90-2B325CFAAAD7}.DVD-5|Mixed Platforms.Build.0 = Debug|Any CPU
		{75959328-55F3-46E3-BB90-2B325CFAAAD7}.DVD-5|x64.ActiveCfg = Debug|x64
		{75959328-55F3-46E3-BB90-2B325CFAAAD7}.DVD-5|x64.Build.0 = Debug|x64
		{75959328-55F3-46E3-BB90-2B325CFAAAD7}.DVD-5|x86.ActiveCfg = Debug|Any CPU
		{75959328-55F3-46E3-BB90-2B325CFAAAD7}.Release|Any CPU.ActiveCfg = Release|Any CPU
		{75959328-55F3-46E3-BB90-2B325CFAAAD7}.Release|Mixed Platforms.ActiveCfg = Release|Any CPU
		{75959328-55F3-46E3-BB90-2B325CFAAAD7}.Release|Mixed Platforms.Build.0 = Release|Any CPU
		{75959328-55F3-46E3-BB90-2B325CFAAAD7}.Release|x64.ActiveCfg = Release|x64
		{75959328-55F3-46E3-BB90-2B325CFAAAD7}.Release|x86.ActiveCfg = Release|Any CPU
		{75959328-55F3-46E3-BB90-2B325CFAAAD7}.SingleImage|Any CPU.ActiveCfg = Release|Any CPU
		{75959328-55F3-46E3-BB90-2B325CFAAAD7}.SingleImage|Any CPU.Build.0 = Release|Any CPU
		{75959328-55F3-46E3-BB90-2B325CFAAAD7}.SingleImage|Mixed Platforms.ActiveCfg = Release|Any CPU
		{75959328-55F3-46E3-BB90-2B325CFAAAD7}.SingleImage|Mixed Platforms.Build.0 = Release|Any CPU
		{75959328-55F3-46E3-BB90-2B325CFAAAD7}.SingleImage|x64.ActiveCfg = Release|x64
		{75959328-55F3-46E3-BB90-2B325CFAAAD7}.SingleImage|x64.Build.0 = Release|x64
		{75959328-55F3-46E3-BB90-2B325CFAAAD7}.SingleImage|x86.ActiveCfg = Release|Any CPU
		{BD032E45-F773-47A7-B5F2-5DD64FE5C609}.CD_ROM|Any CPU.ActiveCfg = Debug|x86
		{BD032E45-F773-47A7-B5F2-5DD64FE5C609}.CD_ROM|Mixed Platforms.ActiveCfg = Debug|x86
		{BD032E45-F773-47A7-B5F2-5DD64FE5C609}.CD_ROM|Mixed Platforms.Build.0 = Debug|x86
		{BD032E45-F773-47A7-B5F2-5DD64FE5C609}.CD_ROM|x64.ActiveCfg = Release|x64
		{BD032E45-F773-47A7-B5F2-5DD64FE5C609}.CD_ROM|x64.Build.0 = Release|x64
		{BD032E45-F773-47A7-B5F2-5DD64FE5C609}.CD_ROM|x86.ActiveCfg = Debug|x86
		{BD032E45-F773-47A7-B5F2-5DD64FE5C609}.CD_ROM|x86.Build.0 = Debug|x86
		{BD032E45-F773-47A7-B5F2-5DD64FE5C609}.Debug|Any CPU.ActiveCfg = Release|x86
		{BD032E45-F773-47A7-B5F2-5DD64FE5C609}.Debug|Mixed Platforms.ActiveCfg = Debug|x86
		{BD032E45-F773-47A7-B5F2-5DD64FE5C609}.Debug|Mixed Platforms.Build.0 = Debug|x86
		{BD032E45-F773-47A7-B5F2-5DD64FE5C609}.Debug|x64.ActiveCfg = Debug|x64
		{BD032E45-F773-47A7-B5F2-5DD64FE5C609}.Debug|x64.Build.0 = Debug|x64
		{BD032E45-F773-47A7-B5F2-5DD64FE5C609}.Debug|x86.ActiveCfg = Debug|x86
		{BD032E45-F773-47A7-B5F2-5DD64FE5C609}.Debug|x86.Build.0 = Debug|x86
		{BD032E45-F773-47A7-B5F2-5DD64FE5C609}.DVD-5|Any CPU.ActiveCfg = Debug|x86
		{BD032E45-F773-47A7-B5F2-5DD64FE5C609}.DVD-5|Mixed Platforms.ActiveCfg = Debug|x86
		{BD032E45-F773-47A7-B5F2-5DD64FE5C609}.DVD-5|Mixed Platforms.Build.0 = Debug|x86
		{BD032E45-F773-47A7-B5F2-5DD64FE5C609}.DVD-5|x64.ActiveCfg = Debug|x64
		{BD032E45-F773-47A7-B5F2-5DD64FE5C609}.DVD-5|x64.Build.0 = Debug|x64
		{BD032E45-F773-47A7-B5F2-5DD64FE5C609}.DVD-5|x86.ActiveCfg = Debug|x86
		{BD032E45-F773-47A7-B5F2-5DD64FE5C609}.DVD-5|x86.Build.0 = Debug|x86
		{BD032E45-F773-47A7-B5F2-5DD64FE5C609}.Release|Any CPU.ActiveCfg = Release|x86
		{BD032E45-F773-47A7-B5F2-5DD64FE5C609}.Release|Mixed Platforms.ActiveCfg = Release|x86
		{BD032E45-F773-47A7-B5F2-5DD64FE5C609}.Release|Mixed Platforms.Build.0 = Release|x86
		{BD032E45-F773-47A7-B5F2-5DD64FE5C609}.Release|x64.ActiveCfg = Release|x64
		{BD032E45-F773-47A7-B5F2-5DD64FE5C609}.Release|x64.Build.0 = Release|x64
		{BD032E45-F773-47A7-B5F2-5DD64FE5C609}.Release|x86.ActiveCfg = Release|x86
		{BD032E45-F773-47A7-B5F2-5DD64FE5C609}.Release|x86.Build.0 = Release|x86
		{BD032E45-F773-47A7-B5F2-5DD64FE5C609}.SingleImage|Any CPU.ActiveCfg = Debug|x86
		{BD032E45-F773-47A7-B5F2-5DD64FE5C609}.SingleImage|Mixed Platforms.ActiveCfg = Debug|x86
		{BD032E45-F773-47A7-B5F2-5DD64FE5C609}.SingleImage|Mixed Platforms.Build.0 = Debug|x86
		{BD032E45-F773-47A7-B5F2-5DD64FE5C609}.SingleImage|x64.ActiveCfg = Release|x64
		{BD032E45-F773-47A7-B5F2-5DD64FE5C609}.SingleImage|x64.Build.0 = Release|x64
		{BD032E45-F773-47A7-B5F2-5DD64FE5C609}.SingleImage|x86.ActiveCfg = Debug|x86
		{BD032E45-F773-47A7-B5F2-5DD64FE5C609}.SingleImage|x86.Build.0 = Debug|x86
		{50E633DD-05A2-4B84-8B71-C463C4FEA99E}.CD_ROM|Any CPU.ActiveCfg = CD_ROM
		{50E633DD-05A2-4B84-8B71-C463C4FEA99E}.CD_ROM|Any CPU.Build.0 = CD_ROM
		{50E633DD-05A2-4B84-8B71-C463C4FEA99E}.CD_ROM|Mixed Platforms.ActiveCfg = CD_ROM
		{50E633DD-05A2-4B84-8B71-C463C4FEA99E}.CD_ROM|Mixed Platforms.Build.0 = CD_ROM
		{50E633DD-05A2-4B84-8B71-C463C4FEA99E}.CD_ROM|x64.ActiveCfg = CD_ROM
		{50E633DD-05A2-4B84-8B71-C463C4FEA99E}.CD_ROM|x64.Build.0 = CD_ROM
		{50E633DD-05A2-4B84-8B71-C463C4FEA99E}.CD_ROM|x86.ActiveCfg = CD_ROM
		{50E633DD-05A2-4B84-8B71-C463C4FEA99E}.CD_ROM|x86.Build.0 = CD_ROM
		{50E633DD-05A2-4B84-8B71-C463C4FEA99E}.Debug|Any CPU.ActiveCfg = DVD-5
		{50E633DD-05A2-4B84-8B71-C463C4FEA99E}.Debug|Any CPU.Build.0 = DVD-5
		{50E633DD-05A2-4B84-8B71-C463C4FEA99E}.Debug|Mixed Platforms.ActiveCfg = DVD-5
		{50E633DD-05A2-4B84-8B71-C463C4FEA99E}.Debug|Mixed Platforms.Build.0 = DVD-5
		{50E633DD-05A2-4B84-8B71-C463C4FEA99E}.Debug|x64.ActiveCfg = DVD-5
		{50E633DD-05A2-4B84-8B71-C463C4FEA99E}.Debug|x64.Build.0 = DVD-5
		{50E633DD-05A2-4B84-8B71-C463C4FEA99E}.Debug|x86.ActiveCfg = DVD-5
		{50E633DD-05A2-4B84-8B71-C463C4FEA99E}.Debug|x86.Build.0 = DVD-5
		{50E633DD-05A2-4B84-8B71-C463C4FEA99E}.DVD-5|Any CPU.ActiveCfg = DVD-5
		{50E633DD-05A2-4B84-8B71-C463C4FEA99E}.DVD-5|Any CPU.Build.0 = DVD-5
		{50E633DD-05A2-4B84-8B71-C463C4FEA99E}.DVD-5|Mixed Platforms.ActiveCfg = DVD-5
		{50E633DD-05A2-4B84-8B71-C463C4FEA99E}.DVD-5|Mixed Platforms.Build.0 = DVD-5
		{50E633DD-05A2-4B84-8B71-C463C4FEA99E}.DVD-5|x64.ActiveCfg = DVD-5
		{50E633DD-05A2-4B84-8B71-C463C4FEA99E}.DVD-5|x64.Build.0 = DVD-5
		{50E633DD-05A2-4B84-8B71-C463C4FEA99E}.DVD-5|x86.ActiveCfg = DVD-5
		{50E633DD-05A2-4B84-8B71-C463C4FEA99E}.DVD-5|x86.Build.0 = DVD-5
		{50E633DD-05A2-4B84-8B71-C463C4FEA99E}.Release|Any CPU.ActiveCfg = SingleImage
		{50E633DD-05A2-4B84-8B71-C463C4FEA99E}.Release|Any CPU.Build.0 = SingleImage
		{50E633DD-05A2-4B84-8B71-C463C4FEA99E}.Release|Mixed Platforms.ActiveCfg = SingleImage
		{50E633DD-05A2-4B84-8B71-C463C4FEA99E}.Release|Mixed Platforms.Build.0 = SingleImage
		{50E633DD-05A2-4B84-8B71-C463C4FEA99E}.Release|x64.ActiveCfg = SingleImage
		{50E633DD-05A2-4B84-8B71-C463C4FEA99E}.Release|x64.Build.0 = SingleImage
		{50E633DD-05A2-4B84-8B71-C463C4FEA99E}.Release|x86.ActiveCfg = SingleImage
		{50E633DD-05A2-4B84-8B71-C463C4FEA99E}.Release|x86.Build.0 = SingleImage
		{50E633DD-05A2-4B84-8B71-C463C4FEA99E}.SingleImage|Any CPU.ActiveCfg = SingleImage
		{50E633DD-05A2-4B84-8B71-C463C4FEA99E}.SingleImage|Any CPU.Build.0 = SingleImage
		{50E633DD-05A2-4B84-8B71-C463C4FEA99E}.SingleImage|Mixed Platforms.ActiveCfg = SingleImage
		{50E633DD-05A2-4B84-8B71-C463C4FEA99E}.SingleImage|Mixed Platforms.Build.0 = SingleImage
		{50E633DD-05A2-4B84-8B71-C463C4FEA99E}.SingleImage|x64.ActiveCfg = SingleImage
		{50E633DD-05A2-4B84-8B71-C463C4FEA99E}.SingleImage|x64.Build.0 = SingleImage
		{50E633DD-05A2-4B84-8B71-C463C4FEA99E}.SingleImage|x86.ActiveCfg = SingleImage
		{50E633DD-05A2-4B84-8B71-C463C4FEA99E}.SingleImage|x86.Build.0 = SingleImage
		{2B77045B-FD6E-4738-B3E3-FEC8F8AA8502}.CD_ROM|Any CPU.ActiveCfg = Release
		{2B77045B-FD6E-4738-B3E3-FEC8F8AA8502}.CD_ROM|Mixed Platforms.ActiveCfg = Release
		{2B77045B-FD6E-4738-B3E3-FEC8F8AA8502}.CD_ROM|x64.ActiveCfg = Release
		{2B77045B-FD6E-4738-B3E3-FEC8F8AA8502}.CD_ROM|x86.ActiveCfg = Release
		{2B77045B-FD6E-4738-B3E3-FEC8F8AA8502}.Debug|Any CPU.ActiveCfg = Debug
		{2B77045B-FD6E-4738-B3E3-FEC8F8AA8502}.Debug|Mixed Platforms.ActiveCfg = Debug
		{2B77045B-FD6E-4738-B3E3-FEC8F8AA8502}.Debug|x64.ActiveCfg = Debug
		{2B77045B-FD6E-4738-B3E3-FEC8F8AA8502}.Debug|x86.ActiveCfg = Debug
		{2B77045B-FD6E-4738-B3E3-FEC8F8AA8502}.DVD-5|Any CPU.ActiveCfg = Debug
		{2B77045B-FD6E-4738-B3E3-FEC8F8AA8502}.DVD-5|Mixed Platforms.ActiveCfg = Debug
		{2B77045B-FD6E-4738-B3E3-FEC8F8AA8502}.DVD-5|x64.ActiveCfg = Debug
		{2B77045B-FD6E-4738-B3E3-FEC8F8AA8502}.DVD-5|x86.ActiveCfg = Debug
		{2B77045B-FD6E-4738-B3E3-FEC8F8AA8502}.Release|Any CPU.ActiveCfg = Release
		{2B77045B-FD6E-4738-B3E3-FEC8F8AA8502}.Release|Mixed Platforms.ActiveCfg = Release
		{2B77045B-FD6E-4738-B3E3-FEC8F8AA8502}.Release|x64.ActiveCfg = Release
		{2B77045B-FD6E-4738-B3E3-FEC8F8AA8502}.Release|x86.ActiveCfg = Release
		{2B77045B-FD6E-4738-B3E3-FEC8F8AA8502}.SingleImage|Any CPU.ActiveCfg = Release
		{2B77045B-FD6E-4738-B3E3-FEC8F8AA8502}.SingleImage|Mixed Platforms.ActiveCfg = Release
		{2B77045B-FD6E-4738-B3E3-FEC8F8AA8502}.SingleImage|x64.ActiveCfg = Release
		{2B77045B-FD6E-4738-B3E3-FEC8F8AA8502}.SingleImage|x86.ActiveCfg = Release
	EndGlobalSection
	GlobalSection(SolutionProperties) = preSolution
		HideSolutionNode = FALSE
	EndGlobalSection
EndGlobal
